
Microsoft Visual Studio Solution File, Format Version 12.00
# Visual Studio 15
VisualStudioVersion = 15.0.26730.16
MinimumVisualStudioVersion = 10.0.40219.1
Project("{888888A0-9F3D-457C-B088-3A5042F75D52}") = "Python [7]", "PythonApplication1\Python [7].pyproj", "{2B2EDC7E-F07D-474C-A0A4-CDF281CF7F61}"
EndProject
Global
	GlobalSection(SolutionConfigurationPlatforms) = preSolution
		Debug|Any CPU = Debug|Any CPU
		Release|Any CPU = Release|Any CPU
	EndGlobalSection
	GlobalSection(ProjectConfigurationPlatforms) = postSolution
		{2B2EDC7E-F07D-474C-A0A4-CDF281CF7F61}.Debug|Any CPU.ActiveCfg = Debug|Any CPU
		{2B2EDC7E-F07D-474C-A0A4-CDF281CF7F61}.Release|Any CPU.ActiveCfg = Release|Any CPU
	EndGlobalSection
	GlobalSection(SolutionProperties) = preSolution
		HideSolutionNode = FALSE
	EndGlobalSection
	GlobalSection(ExtensibilityGlobals) = postSolution
		SolutionGuid = {7A48632A-6AAD-4037-AD62-9F80841E1E6C}
	EndGlobalSection
EndGlobal
