
Microsoft Visual Studio Solution File, Format Version 12.00
# Visual Studio 15
VisualStudioVersion = 15.0.26730.16
MinimumVisualStudioVersion = 10.0.40219.1
Project("{888888A0-9F3D-457C-B088-3A5042F75D52}") = "Python[3]", "Python[3]\Python[3].pyproj", "{B85DDEAB-7236-44AE-BC31-9B08D608378D}"
EndProject
Global
	GlobalSection(SolutionConfigurationPlatforms) = preSolution
		Debug|Any CPU = Debug|Any CPU
		Release|Any CPU = Release|Any CPU
	EndGlobalSection
	GlobalSection(ProjectConfigurationPlatforms) = postSolution
		{B85DDEAB-7236-44AE-BC31-9B08D608378D}.Debug|Any CPU.ActiveCfg = Debug|Any CPU
		{B85DDEAB-7236-44AE-BC31-9B08D608378D}.Release|Any CPU.ActiveCfg = Release|Any CPU
	EndGlobalSection
	GlobalSection(SolutionProperties) = preSolution
		HideSolutionNode = FALSE
	EndGlobalSection
	GlobalSection(ExtensibilityGlobals) = postSolution
		SolutionGuid = {12B45290-50CB-48A2-9257-31D6BA163BA1}
	EndGlobalSection
EndGlobal
